{
  "name": "h_i_parmentier",
  "lockfileVersion": 3,
  "requires": true,
  "packages": {
    "": {
      "dependencies": {
        "@h-company/agp-sdk-js": "^0.2.2-alpha.3"
      }
    },
    "node_modules/@h-company/agp-sdk-js": {
      "version": "0.2.2-alpha.3",
      "resolved": "https://registry.npmjs.org/@h-company/agp-sdk-js/-/agp-sdk-js-0.2.2-alpha.3.tgz",
      "integrity": "sha512-8CO3dLGVP9AUJTPUgZd63M5Ba/kUj91S/eCMCFHQeZ6Sb1XNPGd9FOXZMUf+85z8wq+DkQ1pR+xSMnd1hL+evQ==",
      "license": "MIT",
      "engines": {
        "node": ">=18.0.0"
      }
    }
  }
}
